
Microsoft Visual Studio Solution File, Format Version 12.00
# Visual Studio 2013
VisualStudioVersion = 12.0.30110.0
MinimumVisualStudioVersion = 10.0.40219.1
Project("{FAE04EC0-301F-11D3-BF4B-00C04F79EFBC}") = "ReactiveApp.Web", "ReactiveApp.Web\ReactiveApp.Web.csproj", "{6A24AED2-6ECF-4D0F-A005-01E07C462659}"
EndProject
Project("{2150E333-8FDC-42A3-9474-1A3956D46DE8}") = ".nuget", ".nuget", "{91B61F4A-DB3E-431E-AB9F-068DAF7FD2EB}"
	ProjectSection(SolutionItems) = preProject
		.nuget\NuGet.Config = .nuget\NuGet.Config
		.nuget\NuGet.exe = .nuget\NuGet.exe
		.nuget\NuGet.targets = .nuget\NuGet.targets
	EndProjectSection
EndProject
Project("{FAE04EC0-301F-11D3-BF4B-00C04F79EFBC}") = "ReactiveApp.Handler", "ReactiveApp.Handler\ReactiveApp.Handler.csproj", "{D692F815-5FFF-46B0-868D-FB7E751911CE}"
EndProject
Project("{FAE04EC0-301F-11D3-BF4B-00C04F79EFBC}") = "ReactiveApp.HealthMonitor", "ReactiveApp.HealthMonitor\ReactiveApp.HealthMonitor.csproj", "{2B4A2FB9-6325-47C4-BF44-65DC60BC30E5}"
EndProject
Project("{FAE04EC0-301F-11D3-BF4B-00C04F79EFBC}") = "Reactive.Messages", "Reactive.Messages\Reactive.Messages.csproj", "{77AAEBDE-A922-4140-96A7-B4BD923B6272}"
EndProject
Global
	GlobalSection(SolutionConfigurationPlatforms) = preSolution
		Debug|Any CPU = Debug|Any CPU
		Release|Any CPU = Release|Any CPU
	EndGlobalSection
	GlobalSection(ProjectConfigurationPlatforms) = postSolution
		{6A24AED2-6ECF-4D0F-A005-01E07C462659}.Debug|Any CPU.ActiveCfg = Debug|Any CPU
		{6A24AED2-6ECF-4D0F-A005-01E07C462659}.Debug|Any CPU.Build.0 = Debug|Any CPU
		{6A24AED2-6ECF-4D0F-A005-01E07C462659}.Release|Any CPU.ActiveCfg = Release|Any CPU
		{6A24AED2-6ECF-4D0F-A005-01E07C462659}.Release|Any CPU.Build.0 = Release|Any CPU
		{D692F815-5FFF-46B0-868D-FB7E751911CE}.Debug|Any CPU.ActiveCfg = Debug|Any CPU
		{D692F815-5FFF-46B0-868D-FB7E751911CE}.Debug|Any CPU.Build.0 = Debug|Any CPU
		{D692F815-5FFF-46B0-868D-FB7E751911CE}.Release|Any CPU.ActiveCfg = Release|Any CPU
		{D692F815-5FFF-46B0-868D-FB7E751911CE}.Release|Any CPU.Build.0 = Release|Any CPU
		{2B4A2FB9-6325-47C4-BF44-65DC60BC30E5}.Debug|Any CPU.ActiveCfg = Debug|Any CPU
		{2B4A2FB9-6325-47C4-BF44-65DC60BC30E5}.Debug|Any CPU.Build.0 = Debug|Any CPU
		{2B4A2FB9-6325-47C4-BF44-65DC60BC30E5}.Release|Any CPU.ActiveCfg = Release|Any CPU
		{2B4A2FB9-6325-47C4-BF44-65DC60BC30E5}.Release|Any CPU.Build.0 = Release|Any CPU
		{77AAEBDE-A922-4140-96A7-B4BD923B6272}.Debug|Any CPU.ActiveCfg = Debug|Any CPU
		{77AAEBDE-A922-4140-96A7-B4BD923B6272}.Debug|Any CPU.Build.0 = Debug|Any CPU
		{77AAEBDE-A922-4140-96A7-B4BD923B6272}.Release|Any CPU.ActiveCfg = Release|Any CPU
		{77AAEBDE-A922-4140-96A7-B4BD923B6272}.Release|Any CPU.Build.0 = Release|Any CPU
	EndGlobalSection
	GlobalSection(SolutionProperties) = preSolution
		HideSolutionNode = FALSE
	EndGlobalSection
EndGlobal
